
Microsoft Visual Studio Solution File, Format Version 12.00
Project("{FAE04EC0-301F-11D3-BF4B-00C04F79EFBC}") = "Duck_Leg_Eating_Module", "Duck_Leg_Eating_Module\Duck_Leg_Eating_Module.csproj", "{8249CF57-E0AE-45AB-A5B0-06380F4A83FB}"
EndProject
Global
	GlobalSection(SolutionConfigurationPlatforms) = preSolution
		Debug|Any CPU = Debug|Any CPU
		Release|Any CPU = Release|Any CPU
	EndGlobalSection
	GlobalSection(ProjectConfigurationPlatforms) = postSolution
		{8249CF57-E0AE-45AB-A5B0-06380F4A83FB}.Debug|Any CPU.ActiveCfg = Debug|Any CPU
		{8249CF57-E0AE-45AB-A5B0-06380F4A83FB}.Debug|Any CPU.Build.0 = Debug|Any CPU
		{8249CF57-E0AE-45AB-A5B0-06380F4A83FB}.Release|Any CPU.ActiveCfg = Release|Any CPU
		{8249CF57-E0AE-45AB-A5B0-06380F4A83FB}.Release|Any CPU.Build.0 = Release|Any CPU
	EndGlobalSection
EndGlobal
